// !$*UTF8*$!
{
	archiveVersion = 1;
	classes = {
	};
	objectVersion = 46;
	objects = {

/* Begin PBXBuildFile section */
		F89552681CFDE4CB00B59E80 /* Meretz.h in CopyFiles */ = {isa = PBXBuildFile; fileRef = F89552671CFDE4CB00B59E80 /* Meretz.h */; };
		F895526A1CFDE4CB00B59E80 /* Meretz.m in Sources */ = {isa = PBXBuildFile; fileRef = F89552691CFDE4CB00B59E80 /* Meretz.m */; };
		F89552AD1CFDF7F700B59E80 /* MeretzTask.m in Sources */ = {isa = PBXBuildFile; fileRef = F89552AC1CFDF7F700B59E80 /* MeretzTask.m */; };
/* End PBXBuildFile section */

/* Begin PBXCopyFilesBuildPhase section */
		F89552621CFDE4CB00B59E80 /* CopyFiles */ = {
			isa = PBXCopyFilesBuildPhase;
			buildActionMask = 2147483647;
			dstPath = "include/$(PRODUCT_NAME)";
			dstSubfolderSpec = 16;
			files = (
				F89552681CFDE4CB00B59E80 /* Meretz.h in CopyFiles */,
			);
			runOnlyForDeploymentPostprocessing = 0;
		};
/* End PBXCopyFilesBuildPhase section */

/* Begin PBXFileReference section */
		F89552641CFDE4CB00B59E80 /* libMeretz.a */ = {isa = PBXFileReference; explicitFileType = archive.ar; includeInIndex = 0; path = libMeretz.a; sourceTree = BUILT_PRODUCTS_DIR; };
		F89552671CFDE4CB00B59E80 /* Meretz.h */ = {isa = PBXFileReference; lastKnownFileType = sourcecode.c.h; path = Meretz.h; sourceTree = "<group>"; };
		F89552691CFDE4CB00B59E80 /* Meretz.m */ = {isa = PBXFileReference; lastKnownFileType = sourcecode.c.objc; path = Meretz.m; sourceTree = "<group>"; };
		F89552AB1CFDEE3600B59E80 /* Meretz+Internal.h */ = {isa = PBXFileReference; lastKnownFileType = sourcecode.c.h; path = "Meretz+Internal.h"; sourceTree = "<group>"; };
		F89552AC1CFDF7F700B59E80 /* MeretzTask.m */ = {isa = PBXFileReference; fileEncoding = 4; lastKnownFileType = sourcecode.c.objc; path = MeretzTask.m; sourceTree = "<group>"; };
/* End PBXFileReference section */

/* Begin PBXFrameworksBuildPhase section */
		F89552611CFDE4CB00B59E80 /* Frameworks */ = {
			isa = PBXFrameworksBuildPhase;
			buildActionMask = 2147483647;
			files = (
			);
			runOnlyForDeploymentPostprocessing = 0;
		};
/* End PBXFrameworksBuildPhase section */

/* Begin PBXGroup section */
		F895525B1CFDE4CB00B59E80 = {
			isa = PBXGroup;
			children = (
				F89552661CFDE4CB00B59E80 /* Meretz */,
				F89552651CFDE4CB00B59E80 /* Products */,
			);
			sourceTree = "<group>";
		};
		F89552651CFDE4CB00B59E80 /* Products */ = {
			isa = PBXGroup;
			children = (
				F89552641CFDE4CB00B59E80 /* libMeretz.a */,
			);
			name = Products;
			sourceTree = "<group>";
		};
		F89552661CFDE4CB00B59E80 /* Meretz */ = {
			isa = PBXGroup;
			children = (
				F89552671CFDE4CB00B59E80 /* Meretz.h */,
				F89552691CFDE4CB00B59E80 /* Meretz.m */,
				F89552AB1CFDEE3600B59E80 /* Meretz+Internal.h */,
				F89552AC1CFDF7F700B59E80 /* MeretzTask.m */,
			);
			path = Meretz;
			sourceTree = "<group>";
		};
/* End PBXGroup section */

/* Begin PBXNativeTarget section */
		F89552631CFDE4CB00B59E80 /* Meretz */ = {
			isa = PBXNativeTarget;
			buildConfigurationList = F895526D1CFDE4CB00B59E80 /* Build configuration list for PBXNativeTarget "Meretz" */;
			buildPhases = (
				F89552601CFDE4CB00B59E80 /* Sources */,
				F89552611CFDE4CB00B59E80 /* Frameworks */,
				F89552621CFDE4CB00B59E80 /* CopyFiles */,
			);
			buildRules = (
			);
			dependencies = (
			);
			name = Meretz;
			productName = Meretz;
			productReference = F89552641CFDE4CB00B59E80 /* libMeretz.a */;
			productType = "com.apple.product-type.library.static";
		};
/* End PBXNativeTarget section */

/* Begin PBXProject section */
		F895525C1CFDE4CB00B59E80 /* Project object */ = {
			isa = PBXProject;
			attributes = {
				LastUpgradeCheck = 0730;
				ORGANIZATIONNAME = Meretz;
				TargetAttributes = {
					F89552631CFDE4CB00B59E80 = {
						CreatedOnToolsVersion = 7.3.1;
					};
				};
			};
			buildConfigurationList = F895525F1CFDE4CB00B59E80 /* Build configuration list for PBXProject "Meretz" */;
			compatibilityVersion = "Xcode 3.2";
			developmentRegion = English;
			hasScannedForEncodings = 0;
			knownRegions = (
				en,
			);
			mainGroup = F895525B1CFDE4CB00B59E80;
			productRefGroup = F89552651CFDE4CB00B59E80 /* Products */;
			projectDirPath = "";
			projectRoot = "";
			targets = (
				F89552631CFDE4CB00B59E80 /* Meretz */,
			);
		};
/* End PBXProject section */

/* Begin PBXSourcesBuildPhase section */
		F89552601CFDE4CB00B59E80 /* Sources */ = {
			isa = PBXSourcesBuildPhase;
			buildActionMask = 2147483647;
			files = (
				F89552AD1CFDF7F700B59E80 /* MeretzTask.m in Sources */,
				F895526A1CFDE4CB00B59E80 /* Meretz.m in Sources */,
			);
			runOnlyForDeploymentPostprocessing = 0;
		};
/* End PBXSourcesBuildPhase section */

/* Begin XCBuildConfiguration section */
		F895526B1CFDE4CB00B59E80 /* Debug */ = {
			isa = XCBuildConfiguration;
			buildSettings = {
				ALWAYS_SEARCH_USER_PATHS = NO;
				CLANG_ANALYZER_NONNULL = YES;
				CLANG_CXX_LANGUAGE_STANDARD = "gnu++0x";
				CLANG_CXX_LIBRARY = "libc++";
				CLANG_ENABLE_MODULES = YES;
				CLANG_ENABLE_OBJC_ARC = YES;
				CLANG_WARN_BOOL_CONVERSION = YES;
				CLANG_WARN_CONSTANT_CONVERSION = YES;
				CLANG_WARN_DIRECT_OBJC_ISA_USAGE = YES_ERROR;
				CLANG_WARN_EMPTY_BODY = YES;
				CLANG_WARN_ENUM_CONVERSION = YES;
				CLANG_WARN_INT_CONVERSION = YES;
				CLANG_WARN_OBJC_ROOT_CLASS = YES_ERROR;
				CLANG_WARN_UNREACHABLE_CODE = YES;
				CLANG_WARN__DUPLICATE_METHOD_MATCH = YES;
				"CODE_SIGN_IDENTITY[sdk=iphoneos*]" = "iPhone Developer";
				COPY_PHASE_STRIP = NO;
				DEBUG_INFORMATION_FORMAT = dwarf;
				ENABLE_STRICT_OBJC_MSGSEND = YES;
				ENABLE_TESTABILITY = YES;
				GCC_C_LANGUAGE_STANDARD = gnu99;
				GCC_DYNAMIC_NO_PIC = NO;
				GCC_NO_COMMON_BLOCKS = YES;
				GCC_OPTIMIZATION_LEVEL = 0;
				GCC_PREPROCESSOR_DEFINITIONS = (
					"DEBUG=1",
					"$(inherited)",
				);
				GCC_WARN_64_TO_32_BIT_CONVERSION = YES;
				GCC_WARN_ABOUT_RETURN_TYPE = YES_ERROR;
				GCC_WARN_UNDECLARED_SELECTOR = YES;
				GCC_WARN_UNINITIALIZED_AUTOS = YES_AGGRESSIVE;
				GCC_WARN_UNUSED_FUNCTION = YES;
				GCC_WARN_UNUSED_VARIABLE = YES;
				IPHONEOS_DEPLOYMENT_TARGET = 9.3;
				MTL_ENABLE_DEBUG_INFO = YES;
				ONLY_ACTIVE_ARCH = YES;
				SDKROOT = iphoneos;
			};
			name = Debug;
		};
		F895526C1CFDE4CB00B59E80 /* Release */ = {
			isa = XCBuildConfiguration;
			buildSettings = {
				ALWAYS_SEARCH_USER_PATHS = NO;
				CLANG_ANALYZER_NONNULL = YES;
				CLANG_CXX_LANGUAGE_STANDARD = "gnu++0x";
				CLANG_CXX_LIBRARY = "libc++";
				CLANG_ENABLE_MODULES = YES;
				CLANG_ENABLE_OBJC_ARC = YES;
				CLANG_WARN_BOOL_CONVERSION = YES;
				CLANG_WARN_CONSTANT_CONVERSION = YES;
				CLANG_WARN_DIRECT_OBJC_ISA_USAGE = YES_ERROR;
				CLANG_WARN_EMPTY_BODY = YES;
				CLANG_WARN_ENUM_CONVERSION = YES;
				CLANG_WARN_INT_CONVERSION = YES;
				CLANG_WARN_OBJC_ROOT_CLASS = YES_ERROR;
				CLANG_WARN_UNREACHABLE_CODE = YES;
				CLANG_WARN__DUPLICATE_METHOD_MATCH = YES;
				"CODE_SIGN_IDENTITY[sdk=iphoneos*]" = "iPhone Developer";
				COPY_PHASE_STRIP = NO;
				DEBUG_INFORMATION_FORMAT = "dwarf-with-dsym";
				ENABLE_NS_ASSERTIONS = NO;
				ENABLE_STRICT_OBJC_MSGSEND = YES;
				GCC_C_LANGUAGE_STANDARD = gnu99;
				GCC_NO_COMMON_BLOCKS = YES;
				GCC_WARN_64_TO_32_BIT_CONVERSION = YES;
				GCC_WARN_ABOUT_RETURN_TYPE = YES_ERROR;
				GCC_WARN_UNDECLARED_SELECTOR = YES;
				GCC_WARN_UNINITIALIZED_AUTOS = YES_AGGRESSIVE;
				GCC_WARN_UNUSED_FUNCTION = YES;
				GCC_WARN_UNUSED_VARIABLE = YES;
				IPHONEOS_DEPLOYMENT_TARGET = 9.3;
				MTL_ENABLE_DEBUG_INFO = NO;
				SDKROOT = iphoneos;
				VALIDATE_PRODUCT = YES;
			};
			name = Release;
		};
		F895526E1CFDE4CB00B59E80 /* Debug */ = {
			isa = XCBuildConfiguration;
			buildSettings = {
				OTHER_LDFLAGS = "-ObjC";
				PRODUCT_NAME = "$(TARGET_NAME)";
				SKIP_INSTALL = YES;
			};
			name = Debug;
		};
		F895526F1CFDE4CB00B59E80 /* Release */ = {
			isa = XCBuildConfiguration;
			buildSettings = {
				OTHER_LDFLAGS = "-ObjC";
				PRODUCT_NAME = "$(TARGET_NAME)";
				SKIP_INSTALL = YES;
			};
			name = Release;
		};
/* End XCBuildConfiguration section */

/* Begin XCConfigurationList section */
		F895525F1CFDE4CB00B59E80 /* Build configuration list for PBXProject "Meretz" */ = {
			isa = XCConfigurationList;
			buildConfigurations = (
				F895526B1CFDE4CB00B59E80 /* Debug */,
				F895526C1CFDE4CB00B59E80 /* Release */,
			);
			defaultConfigurationIsVisible = 0;
			defaultConfigurationName = Release;
		};
		F895526D1CFDE4CB00B59E80 /* Build configuration list for PBXNativeTarget "Meretz" */ = {
			isa = XCConfigurationList;
			buildConfigurations = (
				F895526E1CFDE4CB00B59E80 /* Debug */,
				F895526F1CFDE4CB00B59E80 /* Release */,
			);
			defaultConfigurationIsVisible = 0;
			defaultConfigurationName = Release;
		};
/* End XCConfigurationList section */
	};
	rootObject = F895525C1CFDE4CB00B59E80 /* Project object */;
}
